
Microsoft Visual Studio Solution File, Format Version 12.00
# Visual Studio 14
VisualStudioVersion = 14.0.25123.0
MinimumVisualStudioVersion = 10.0.40219.1
Project("{FAE04EC0-301F-11D3-BF4B-00C04F79EFBC}") = "MCAWebAndAPI.Model", "MCAWebAndAPI.Model\MCAWebAndAPI.Model.csproj", "{0B0761CD-8A08-4527-B895-A26C36224046}"
EndProject
Project("{FAE04EC0-301F-11D3-BF4B-00C04F79EFBC}") = "MCAWebAndAPI.Service", "MCAWebAndAPI.Service\MCAWebAndAPI.Service.csproj", "{529FEAB6-E31E-4332-A499-75240B2C85ED}"
EndProject
Project("{FAE04EC0-301F-11D3-BF4B-00C04F79EFBC}") = "MCAWebAndAPI.Web", "MCAWebAndAPI.Web\MCAWebAndAPI.Web.csproj", "{1A22D557-AC51-4FAA-A9CD-43691C669226}"
EndProject
Project("{FAE04EC0-301F-11D3-BF4B-00C04F79EFBC}") = "MCAWebAndAPI.Console", "MCAWebAndAPI.Console\MCAWebAndAPI.Console.csproj", "{7ED88303-F3A2-48B8-A655-05E744B0D571}"
EndProject
Global
	GlobalSection(SolutionConfigurationPlatforms) = preSolution
		Debug|Any CPU = Debug|Any CPU
		Release|Any CPU = Release|Any CPU
	EndGlobalSection
	GlobalSection(ProjectConfigurationPlatforms) = postSolution
		{0B0761CD-8A08-4527-B895-A26C36224046}.Debug|Any CPU.ActiveCfg = Debug|Any CPU
		{0B0761CD-8A08-4527-B895-A26C36224046}.Debug|Any CPU.Build.0 = Debug|Any CPU
		{0B0761CD-8A08-4527-B895-A26C36224046}.Release|Any CPU.ActiveCfg = Release|Any CPU
		{0B0761CD-8A08-4527-B895-A26C36224046}.Release|Any CPU.Build.0 = Release|Any CPU
		{529FEAB6-E31E-4332-A499-75240B2C85ED}.Debug|Any CPU.ActiveCfg = Debug|Any CPU
		{529FEAB6-E31E-4332-A499-75240B2C85ED}.Debug|Any CPU.Build.0 = Debug|Any CPU
		{529FEAB6-E31E-4332-A499-75240B2C85ED}.Release|Any CPU.ActiveCfg = Release|Any CPU
		{529FEAB6-E31E-4332-A499-75240B2C85ED}.Release|Any CPU.Build.0 = Release|Any CPU
		{1A22D557-AC51-4FAA-A9CD-43691C669226}.Debug|Any CPU.ActiveCfg = Debug|Any CPU
		{1A22D557-AC51-4FAA-A9CD-43691C669226}.Debug|Any CPU.Build.0 = Debug|Any CPU
		{1A22D557-AC51-4FAA-A9CD-43691C669226}.Release|Any CPU.ActiveCfg = Release|Any CPU
		{1A22D557-AC51-4FAA-A9CD-43691C669226}.Release|Any CPU.Build.0 = Release|Any CPU
		{7ED88303-F3A2-48B8-A655-05E744B0D571}.Debug|Any CPU.ActiveCfg = Debug|Any CPU
		{7ED88303-F3A2-48B8-A655-05E744B0D571}.Debug|Any CPU.Build.0 = Debug|Any CPU
		{7ED88303-F3A2-48B8-A655-05E744B0D571}.Release|Any CPU.ActiveCfg = Release|Any CPU
		{7ED88303-F3A2-48B8-A655-05E744B0D571}.Release|Any CPU.Build.0 = Release|Any CPU
	EndGlobalSection
	GlobalSection(SolutionProperties) = preSolution
		HideSolutionNode = FALSE
	EndGlobalSection
EndGlobal
